
Microsoft Visual Studio Solution File, Format Version 12.00
# Visual Studio 15
VisualStudioVersion = 15.0.28307.572
MinimumVisualStudioVersion = 10.0.40219.1
Project("{FAE04EC0-301F-11D3-BF4B-00C04F79EFBC}") = "WebApplication7", "WebApplication7\WebApplication7.csproj", "{F6A287B9-7900-4E76-B6DC-E8AC6444AD8D}"
EndProject
Global
	GlobalSection(SolutionConfigurationPlatforms) = preSolution
		Debug|Any CPU = Debug|Any CPU
		Release|Any CPU = Release|Any CPU
	EndGlobalSection
	GlobalSection(ProjectConfigurationPlatforms) = postSolution
		{F6A287B9-7900-4E76-B6DC-E8AC6444AD8D}.Debug|Any CPU.ActiveCfg = Debug|Any CPU
		{F6A287B9-7900-4E76-B6DC-E8AC6444AD8D}.Debug|Any CPU.Build.0 = Debug|Any CPU
		{F6A287B9-7900-4E76-B6DC-E8AC6444AD8D}.Release|Any CPU.ActiveCfg = Release|Any CPU
		{F6A287B9-7900-4E76-B6DC-E8AC6444AD8D}.Release|Any CPU.Build.0 = Release|Any CPU
	EndGlobalSection
	GlobalSection(SolutionProperties) = preSolution
		HideSolutionNode = FALSE
	EndGlobalSection
	GlobalSection(ExtensibilityGlobals) = postSolution
		SolutionGuid = {40CFDB3C-3242-404B-8DAC-E874D01C5327}
	EndGlobalSection
EndGlobal
